
Microsoft Visual Studio Solution File, Format Version 12.00
# Visual Studio Version 17
VisualStudioVersion = 17.0.31903.59
MinimumVisualStudioVersion = 10.0.40219.1
Project("{2150E333-8FDC-42A3-9474-1A3956D46DE8}") = "Элементы решения", "Элементы решения", "{763C5BB4-3B80-429C-9707-86E2D6FFAA5E}"
	ProjectSection(SolutionItems) = preProject
		D:\03 - работа\12 - axxonsoft\AxxonSoft_C#_task_triangles.pdf = D:\03 - работа\12 - axxonsoft\AxxonSoft_C#_task_triangles.pdf
	EndProjectSection
EndProject
Project("{2150E333-8FDC-42A3-9474-1A3956D46DE8}") = "Applications", "Applications", "{61D17F6E-8719-4DBD-8D13-9E5F3B0AAD33}"
EndProject
Project("{9A19103F-16F7-4668-BE54-9A1E7A4F7556}") = "Triangles.WinFormsApp", "Triangles.WinFormsApp\Triangles.WinFormsApp.csproj", "{339535A9-59D7-44FD-9056-BE78399185C7}"
EndProject
Global
	GlobalSection(SolutionConfigurationPlatforms) = preSolution
		Debug|Any CPU = Debug|Any CPU
		Release|Any CPU = Release|Any CPU
	EndGlobalSection
	GlobalSection(ProjectConfigurationPlatforms) = postSolution
		{339535A9-59D7-44FD-9056-BE78399185C7}.Debug|Any CPU.ActiveCfg = Debug|Any CPU
		{339535A9-59D7-44FD-9056-BE78399185C7}.Debug|Any CPU.Build.0 = Debug|Any CPU
		{339535A9-59D7-44FD-9056-BE78399185C7}.Release|Any CPU.ActiveCfg = Release|Any CPU
		{339535A9-59D7-44FD-9056-BE78399185C7}.Release|Any CPU.Build.0 = Release|Any CPU
	EndGlobalSection
	GlobalSection(SolutionProperties) = preSolution
		HideSolutionNode = FALSE
	EndGlobalSection
	GlobalSection(NestedProjects) = preSolution
		{339535A9-59D7-44FD-9056-BE78399185C7} = {61D17F6E-8719-4DBD-8D13-9E5F3B0AAD33}
	EndGlobalSection
	GlobalSection(ExtensibilityGlobals) = postSolution
		SolutionGuid = {BD823FDF-A90B-4021-B4E8-7C592A78416F}
	EndGlobalSection
EndGlobal
